
Microsoft Visual Studio Solution File, Format Version 12.00
# Visual Studio Version 17
VisualStudioVersion = 17.5.33530.505
MinimumVisualStudioVersion = 10.0.40219.1
Project("{FAE04EC0-301F-11D3-BF4B-00C04F79EFBC}") = "SharpThreadSynchProg", "SharpThreadSynchProg.csproj", "{7AF47568-C159-4961-9F38-C1F7EE4C8DC7}"
EndProject
Global
	GlobalSection(SolutionConfigurationPlatforms) = preSolution
		Debug|Any CPU = Debug|Any CPU
		Release|Any CPU = Release|Any CPU
	EndGlobalSection
	GlobalSection(ProjectConfigurationPlatforms) = postSolution
		{7AF47568-C159-4961-9F38-C1F7EE4C8DC7}.Debug|Any CPU.ActiveCfg = Debug|Any CPU
		{7AF47568-C159-4961-9F38-C1F7EE4C8DC7}.Debug|Any CPU.Build.0 = Debug|Any CPU
		{7AF47568-C159-4961-9F38-C1F7EE4C8DC7}.Release|Any CPU.ActiveCfg = Release|Any CPU
		{7AF47568-C159-4961-9F38-C1F7EE4C8DC7}.Release|Any CPU.Build.0 = Release|Any CPU
	EndGlobalSection
	GlobalSection(SolutionProperties) = preSolution
		HideSolutionNode = FALSE
	EndGlobalSection
	GlobalSection(ExtensibilityGlobals) = postSolution
		SolutionGuid = {A576F366-DCA7-4E63-8F2A-1E49E8EFEFCE}
	EndGlobalSection
EndGlobal
